
Microsoft Visual Studio Solution File, Format Version 12.00
Project("{FAE04EC0-301F-11D3-BF4B-00C04F79EFBC}") = "Arachne", "Arachne\Arachne.csproj", "{650CB5F4-2417-4A06-8466-8B30A31F0197}"
EndProject
Project("{FAE04EC0-301F-11D3-BF4B-00C04F79EFBC}") = "TestAPI", "TestAPI\TestAPI.csproj", "{A7DEA2B9-3323-434B-8719-E9ACF1CB944C}"
EndProject
Project("{FAE04EC0-301F-11D3-BF4B-00C04F79EFBC}") = "WebApplication1", "WebApplication1\WebApplication1.csproj", "{B4BD04BC-EE8F-437F-B307-E29A691D20C2}"
EndProject
Project("{2150E333-8FDC-42A3-9474-1A3956D46DE8}") = "cellarium", "cellarium", "{2321ADBD-89B1-413F-AE82-4637B6479068}"
EndProject
Project("{54A90642-561A-4BB1-A94E-469ADEE60C69}") = "cellarium-frontend", "cellarium\cellarium-frontend\cellarium-frontend.esproj", "{07F5A310-4752-40A0-B07D-E9C8EB861718}"
EndProject
Global
	GlobalSection(SolutionConfigurationPlatforms) = preSolution
		Debug|Any CPU = Debug|Any CPU
		Release|Any CPU = Release|Any CPU
	EndGlobalSection
	GlobalSection(ProjectConfigurationPlatforms) = postSolution
		{650CB5F4-2417-4A06-8466-8B30A31F0197}.Debug|Any CPU.ActiveCfg = Debug|Any CPU
		{650CB5F4-2417-4A06-8466-8B30A31F0197}.Debug|Any CPU.Build.0 = Debug|Any CPU
		{650CB5F4-2417-4A06-8466-8B30A31F0197}.Release|Any CPU.ActiveCfg = Release|Any CPU
		{650CB5F4-2417-4A06-8466-8B30A31F0197}.Release|Any CPU.Build.0 = Release|Any CPU
		{A7DEA2B9-3323-434B-8719-E9ACF1CB944C}.Debug|Any CPU.ActiveCfg = Debug|Any CPU
		{A7DEA2B9-3323-434B-8719-E9ACF1CB944C}.Debug|Any CPU.Build.0 = Debug|Any CPU
		{A7DEA2B9-3323-434B-8719-E9ACF1CB944C}.Release|Any CPU.ActiveCfg = Release|Any CPU
		{A7DEA2B9-3323-434B-8719-E9ACF1CB944C}.Release|Any CPU.Build.0 = Release|Any CPU
		{B4BD04BC-EE8F-437F-B307-E29A691D20C2}.Debug|Any CPU.ActiveCfg = Debug|Any CPU
		{B4BD04BC-EE8F-437F-B307-E29A691D20C2}.Debug|Any CPU.Build.0 = Debug|Any CPU
		{B4BD04BC-EE8F-437F-B307-E29A691D20C2}.Release|Any CPU.ActiveCfg = Release|Any CPU
		{B4BD04BC-EE8F-437F-B307-E29A691D20C2}.Release|Any CPU.Build.0 = Release|Any CPU
		{07F5A310-4752-40A0-B07D-E9C8EB861718}.Debug|Any CPU.ActiveCfg = Debug|Any CPU
		{07F5A310-4752-40A0-B07D-E9C8EB861718}.Debug|Any CPU.Build.0 = Debug|Any CPU
		{07F5A310-4752-40A0-B07D-E9C8EB861718}.Release|Any CPU.ActiveCfg = Debug|Any CPU
		{07F5A310-4752-40A0-B07D-E9C8EB861718}.Release|Any CPU.Build.0 = Debug|Any CPU
	EndGlobalSection
	GlobalSection(NestedProjects) = preSolution
		{07F5A310-4752-40A0-B07D-E9C8EB861718} = {2321ADBD-89B1-413F-AE82-4637B6479068}
	EndGlobalSection
EndGlobal
